
Microsoft Visual Studio Solution File, Format Version 12.00
# Visual Studio 15
VisualStudioVersion = 15.0.27703.2042
MinimumVisualStudioVersion = 10.0.40219.1
Project("{2150E333-8FDC-42A3-9474-1A3956D46DE8}") = "Web Projects", "Web Projects", "{4066811B-E643-4C52-A268-07AE75518BA3}"
EndProject
Project("{2150E333-8FDC-42A3-9474-1A3956D46DE8}") = "Class Library", "Class Library", "{CDF1229A-E6ED-4686-9266-F221F2A1C997}"
EndProject
Project("{FAE04EC0-301F-11D3-BF4B-00C04F79EFBC}") = "Gepa.DAO", "Gepa.DAO\Gepa.DAO.csproj", "{2A3965DF-A26E-4388-89B5-B6ADA1E5737B}"
EndProject
Project("{FAE04EC0-301F-11D3-BF4B-00C04F79EFBC}") = "Gepa.Business", "Gepa.Business\Gepa.Business.csproj", "{E316570D-EEE4-4B43-A85C-A86A8FC86D8D}"
EndProject
Project("{FAE04EC0-301F-11D3-BF4B-00C04F79EFBC}") = "Gepa.Site", "Gepa.Site\Gepa.Site.csproj", "{DD355ED9-A45A-47F3-8DD3-4FE9858EDB4E}"
EndProject
Project("{FAE04EC0-301F-11D3-BF4B-00C04F79EFBC}") = "Gepa.Management", "Gepa.ApplicationManagement\GepaManager\Gepa.Management.csproj", "{8F41FACB-72B1-4CC8-8EC7-F5657205DC34}"
EndProject
Project("{FAE04EC0-301F-11D3-BF4B-00C04F79EFBC}") = "Gepa.Entities.Framework", "Gepa.Entities.Framework\Gepa.Entities.Framework\Gepa.Entities.Framework.csproj", "{E89050B7-B296-4ABA-ACFB-DA144327007E}"
EndProject
Project("{FAE04EC0-301F-11D3-BF4B-00C04F79EFBC}") = "Gepa.Resources", "Gepa.Resoucers\Gepa.Resources.csproj", "{BA9ED67E-FFAF-4587-A1AB-8E9D1800D89D}"
EndProject
Project("{FAE04EC0-301F-11D3-BF4B-00C04F79EFBC}") = "Gepa.Tools.EncryptAndDecryptTool", "Gepa.Tools\Gepa.Tools.EncryptAndDecryptTool\Gepa.Tools.EncryptAndDecryptTool.csproj", "{60A37E45-7ABD-4D77-B75A-396452F8FD78}"
EndProject
Project("{FAE04EC0-301F-11D3-BF4B-00C04F79EFBC}") = "Gepa.UnitTests", "Gepa.UnitTest\Gepa.UnitTests\Gepa.UnitTests.csproj", "{5C77398D-C98A-49A3-9078-3D9917FB9EB0}"
EndProject
Project("{FAE04EC0-301F-11D3-BF4B-00C04F79EFBC}") = "Gepa.Utilities", "Gepa.Utilities\Gepa.Utilities\Gepa.Utilities.csproj", "{F52438AE-0D1D-4323-BDE6-9C84D3F85580}"
EndProject
Project("{FAE04EC0-301F-11D3-BF4B-00C04F79EFBC}") = "Gepa.Identity", "Gepa.Identity\Gepa.Identity\Gepa.Identity.csproj", "{232DE082-81AE-42A0-84C1-AB8111349F3A}"
EndProject
Project("{FAE04EC0-301F-11D3-BF4B-00C04F79EFBC}") = "Gepa.Identity.Base", "Gepa.Identity\Gepa.Identity.Base\Gepa.Identity.Base.csproj", "{5415026C-0630-4179-A183-AE046EE1D9B2}"
EndProject
Project("{FAE04EC0-301F-11D3-BF4B-00C04F79EFBC}") = "Gepa.Management.Services", "Gepa.ApplicationManagement\Gepa.Management.Services\Gepa.Management.Services.csproj", "{BCC084A9-4345-49D9-855D-B13CE9764805}"
EndProject
Global
	GlobalSection(SolutionConfigurationPlatforms) = preSolution
		Debug|Any CPU = Debug|Any CPU
		Release|Any CPU = Release|Any CPU
	EndGlobalSection
	GlobalSection(ProjectConfigurationPlatforms) = postSolution
		{2A3965DF-A26E-4388-89B5-B6ADA1E5737B}.Debug|Any CPU.ActiveCfg = Debug|Any CPU
		{2A3965DF-A26E-4388-89B5-B6ADA1E5737B}.Debug|Any CPU.Build.0 = Debug|Any CPU
		{2A3965DF-A26E-4388-89B5-B6ADA1E5737B}.Release|Any CPU.ActiveCfg = Release|Any CPU
		{2A3965DF-A26E-4388-89B5-B6ADA1E5737B}.Release|Any CPU.Build.0 = Release|Any CPU
		{E316570D-EEE4-4B43-A85C-A86A8FC86D8D}.Debug|Any CPU.ActiveCfg = Debug|Any CPU
		{E316570D-EEE4-4B43-A85C-A86A8FC86D8D}.Debug|Any CPU.Build.0 = Debug|Any CPU
		{E316570D-EEE4-4B43-A85C-A86A8FC86D8D}.Release|Any CPU.ActiveCfg = Release|Any CPU
		{E316570D-EEE4-4B43-A85C-A86A8FC86D8D}.Release|Any CPU.Build.0 = Release|Any CPU
		{DD355ED9-A45A-47F3-8DD3-4FE9858EDB4E}.Debug|Any CPU.ActiveCfg = Debug|Any CPU
		{DD355ED9-A45A-47F3-8DD3-4FE9858EDB4E}.Debug|Any CPU.Build.0 = Debug|Any CPU
		{DD355ED9-A45A-47F3-8DD3-4FE9858EDB4E}.Release|Any CPU.ActiveCfg = Release|Any CPU
		{DD355ED9-A45A-47F3-8DD3-4FE9858EDB4E}.Release|Any CPU.Build.0 = Release|Any CPU
		{8F41FACB-72B1-4CC8-8EC7-F5657205DC34}.Debug|Any CPU.ActiveCfg = Debug|Any CPU
		{8F41FACB-72B1-4CC8-8EC7-F5657205DC34}.Debug|Any CPU.Build.0 = Debug|Any CPU
		{8F41FACB-72B1-4CC8-8EC7-F5657205DC34}.Release|Any CPU.ActiveCfg = Release|Any CPU
		{8F41FACB-72B1-4CC8-8EC7-F5657205DC34}.Release|Any CPU.Build.0 = Release|Any CPU
		{E89050B7-B296-4ABA-ACFB-DA144327007E}.Debug|Any CPU.ActiveCfg = Debug|Any CPU
		{E89050B7-B296-4ABA-ACFB-DA144327007E}.Debug|Any CPU.Build.0 = Debug|Any CPU
		{E89050B7-B296-4ABA-ACFB-DA144327007E}.Release|Any CPU.ActiveCfg = Release|Any CPU
		{E89050B7-B296-4ABA-ACFB-DA144327007E}.Release|Any CPU.Build.0 = Release|Any CPU
		{BA9ED67E-FFAF-4587-A1AB-8E9D1800D89D}.Debug|Any CPU.ActiveCfg = Debug|Any CPU
		{BA9ED67E-FFAF-4587-A1AB-8E9D1800D89D}.Debug|Any CPU.Build.0 = Debug|Any CPU
		{BA9ED67E-FFAF-4587-A1AB-8E9D1800D89D}.Release|Any CPU.ActiveCfg = Release|Any CPU
		{BA9ED67E-FFAF-4587-A1AB-8E9D1800D89D}.Release|Any CPU.Build.0 = Release|Any CPU
		{60A37E45-7ABD-4D77-B75A-396452F8FD78}.Debug|Any CPU.ActiveCfg = Debug|Any CPU
		{60A37E45-7ABD-4D77-B75A-396452F8FD78}.Debug|Any CPU.Build.0 = Debug|Any CPU
		{60A37E45-7ABD-4D77-B75A-396452F8FD78}.Release|Any CPU.ActiveCfg = Release|Any CPU
		{60A37E45-7ABD-4D77-B75A-396452F8FD78}.Release|Any CPU.Build.0 = Release|Any CPU
		{5C77398D-C98A-49A3-9078-3D9917FB9EB0}.Debug|Any CPU.ActiveCfg = Debug|Any CPU
		{5C77398D-C98A-49A3-9078-3D9917FB9EB0}.Debug|Any CPU.Build.0 = Debug|Any CPU
		{5C77398D-C98A-49A3-9078-3D9917FB9EB0}.Release|Any CPU.ActiveCfg = Release|Any CPU
		{5C77398D-C98A-49A3-9078-3D9917FB9EB0}.Release|Any CPU.Build.0 = Release|Any CPU
		{F52438AE-0D1D-4323-BDE6-9C84D3F85580}.Debug|Any CPU.ActiveCfg = Debug|Any CPU
		{F52438AE-0D1D-4323-BDE6-9C84D3F85580}.Debug|Any CPU.Build.0 = Debug|Any CPU
		{F52438AE-0D1D-4323-BDE6-9C84D3F85580}.Release|Any CPU.ActiveCfg = Release|Any CPU
		{F52438AE-0D1D-4323-BDE6-9C84D3F85580}.Release|Any CPU.Build.0 = Release|Any CPU
		{232DE082-81AE-42A0-84C1-AB8111349F3A}.Debug|Any CPU.ActiveCfg = Debug|Any CPU
		{232DE082-81AE-42A0-84C1-AB8111349F3A}.Debug|Any CPU.Build.0 = Debug|Any CPU
		{232DE082-81AE-42A0-84C1-AB8111349F3A}.Release|Any CPU.ActiveCfg = Release|Any CPU
		{232DE082-81AE-42A0-84C1-AB8111349F3A}.Release|Any CPU.Build.0 = Release|Any CPU
		{5415026C-0630-4179-A183-AE046EE1D9B2}.Debug|Any CPU.ActiveCfg = Debug|Any CPU
		{5415026C-0630-4179-A183-AE046EE1D9B2}.Debug|Any CPU.Build.0 = Debug|Any CPU
		{5415026C-0630-4179-A183-AE046EE1D9B2}.Release|Any CPU.ActiveCfg = Release|Any CPU
		{5415026C-0630-4179-A183-AE046EE1D9B2}.Release|Any CPU.Build.0 = Release|Any CPU
		{BCC084A9-4345-49D9-855D-B13CE9764805}.Debug|Any CPU.ActiveCfg = Debug|Any CPU
		{BCC084A9-4345-49D9-855D-B13CE9764805}.Debug|Any CPU.Build.0 = Debug|Any CPU
		{BCC084A9-4345-49D9-855D-B13CE9764805}.Release|Any CPU.ActiveCfg = Release|Any CPU
		{BCC084A9-4345-49D9-855D-B13CE9764805}.Release|Any CPU.Build.0 = Release|Any CPU
	EndGlobalSection
	GlobalSection(SolutionProperties) = preSolution
		HideSolutionNode = FALSE
	EndGlobalSection
	GlobalSection(NestedProjects) = preSolution
		{2A3965DF-A26E-4388-89B5-B6ADA1E5737B} = {CDF1229A-E6ED-4686-9266-F221F2A1C997}
		{E316570D-EEE4-4B43-A85C-A86A8FC86D8D} = {CDF1229A-E6ED-4686-9266-F221F2A1C997}
		{DD355ED9-A45A-47F3-8DD3-4FE9858EDB4E} = {4066811B-E643-4C52-A268-07AE75518BA3}
		{8F41FACB-72B1-4CC8-8EC7-F5657205DC34} = {CDF1229A-E6ED-4686-9266-F221F2A1C997}
		{E89050B7-B296-4ABA-ACFB-DA144327007E} = {CDF1229A-E6ED-4686-9266-F221F2A1C997}
		{BA9ED67E-FFAF-4587-A1AB-8E9D1800D89D} = {CDF1229A-E6ED-4686-9266-F221F2A1C997}
		{60A37E45-7ABD-4D77-B75A-396452F8FD78} = {CDF1229A-E6ED-4686-9266-F221F2A1C997}
		{5C77398D-C98A-49A3-9078-3D9917FB9EB0} = {CDF1229A-E6ED-4686-9266-F221F2A1C997}
		{F52438AE-0D1D-4323-BDE6-9C84D3F85580} = {CDF1229A-E6ED-4686-9266-F221F2A1C997}
		{232DE082-81AE-42A0-84C1-AB8111349F3A} = {CDF1229A-E6ED-4686-9266-F221F2A1C997}
		{5415026C-0630-4179-A183-AE046EE1D9B2} = {CDF1229A-E6ED-4686-9266-F221F2A1C997}
		{BCC084A9-4345-49D9-855D-B13CE9764805} = {CDF1229A-E6ED-4686-9266-F221F2A1C997}
	EndGlobalSection
	GlobalSection(ExtensibilityGlobals) = postSolution
		SolutionGuid = {08A6AAA6-D301-4CB8-AA53-74BA41EB9AB4}
	EndGlobalSection
EndGlobal
